
Microsoft Visual Studio Solution File, Format Version 12.00
# Visual Studio 15
VisualStudioVersion = 15.0.28307.489
MinimumVisualStudioVersion = 10.0.40219.1
Project("{FAE04EC0-301F-11D3-BF4B-00C04F79EFBC}") = "CodeFirst", "CodeFirst\CodeFirst.csproj", "{5FE6C4C8-E130-4276-A7C4-067CC0A5D41C}"
EndProject
Global
	GlobalSection(SolutionConfigurationPlatforms) = preSolution
		Debug|Any CPU = Debug|Any CPU
		Release|Any CPU = Release|Any CPU
	EndGlobalSection
	GlobalSection(ProjectConfigurationPlatforms) = postSolution
		{5FE6C4C8-E130-4276-A7C4-067CC0A5D41C}.Debug|Any CPU.ActiveCfg = Debug|Any CPU
		{5FE6C4C8-E130-4276-A7C4-067CC0A5D41C}.Debug|Any CPU.Build.0 = Debug|Any CPU
		{5FE6C4C8-E130-4276-A7C4-067CC0A5D41C}.Release|Any CPU.ActiveCfg = Release|Any CPU
		{5FE6C4C8-E130-4276-A7C4-067CC0A5D41C}.Release|Any CPU.Build.0 = Release|Any CPU
	EndGlobalSection
	GlobalSection(SolutionProperties) = preSolution
		HideSolutionNode = FALSE
	EndGlobalSection
	GlobalSection(ExtensibilityGlobals) = postSolution
		SolutionGuid = {F25998BA-872C-44E0-94DF-A2AC0C2AF49B}
	EndGlobalSection
EndGlobal
